
Microsoft Visual Studio Solution File, Format Version 12.00
# Visual Studio Version 16
VisualStudioVersion = 16.0.30503.244
MinimumVisualStudioVersion = 10.0.40219.1
Project("{9A19103F-16F7-4668-BE54-9A1E7A4F7556}") = "IDScanNet.Authentication.SDK.Sample", "IDScanNet.Authentication.SDK.Sample.csproj", "{F2D88C34-3EB4-427A-9582-C8BC2B28EA47}"
EndProject
Global
	GlobalSection(SolutionConfigurationPlatforms) = preSolution
		Debug|Any CPU = Debug|Any CPU
		Release|Any CPU = Release|Any CPU
	EndGlobalSection
	GlobalSection(ProjectConfigurationPlatforms) = postSolution
		{F2D88C34-3EB4-427A-9582-C8BC2B28EA47}.Debug|Any CPU.ActiveCfg = Debug|Any CPU
		{F2D88C34-3EB4-427A-9582-C8BC2B28EA47}.Debug|Any CPU.Build.0 = Debug|Any CPU
		{F2D88C34-3EB4-427A-9582-C8BC2B28EA47}.Release|Any CPU.ActiveCfg = Release|Any CPU
		{F2D88C34-3EB4-427A-9582-C8BC2B28EA47}.Release|Any CPU.Build.0 = Release|Any CPU
	EndGlobalSection
	GlobalSection(SolutionProperties) = preSolution
		HideSolutionNode = FALSE
	EndGlobalSection
	GlobalSection(ExtensibilityGlobals) = postSolution
		SolutionGuid = {C0B9EBA1-D34C-4BA1-AC4F-7BC9653FDD40}
	EndGlobalSection
EndGlobal
